github.com/nunocoracao/blowfish/v2 v2.41.1 h1:wccVaT6OtunObb1mf8ek3ajkGJTmP6HMVQ1tZjEoZMU=
github.com/nunocoracao/blowfish/v2 v2.41.1/go.mod h1:4SkMc+Ht8gpQCwArqiHMBDP3soxi2OWuAhVney+cuyk=
github.com/nunocoracao/blowfish/v2 v2.42.0 h1:2/txTVohyHMuMQo1rHL7Zu2M2dcZl/y246wt+Ewgr0A=
github.com/nunocoracao/blowfish/v2 v2.42.0/go.mod h1:4SkMc+Ht8gpQCwArqiHMBDP3soxi2OWuAhVney+cuyk=
github.com/nunocoracao/blowfish/v2 v2.43.0 h1:5ZNyvpRjMxsKBxizkacWeX+6hwDkVMgH6E7Bg0j+lic=
github.com/nunocoracao/blowfish/v2 v2.43.0/go.mod h1:4SkMc+Ht8gpQCwArqiHMBDP3soxi2OWuAhVney+cuyk=
github.com/nunocoracao/blowfish/v2 v2.43.1 h1:IORfUK3mjyPBTpVc/h3A7p1lS+UkkDGDf7O0nXzX1lg=
github.com/nunocoracao/blowfish/v2 v2.43.1/go.mod h1:4SkMc+Ht8gpQCwArqiHMBDP3soxi2OWuAhVney+cuyk=
github.com/nunocoracao/blowfish/v2 v2.44.0 h1:lUR0Ako1B6QQPuWJ/vy5zwV6f3Vr+ga9OJifErzxTjA=
github.com/nunocoracao/blowfish/v2 v2.44.0/go.mod h1:4SkMc+Ht8gpQCwArqiHMBDP3soxi2OWuAhVney+cuyk=
github.com/nunocoracao/blowfish/v2 v2.45.0 h1:qjiNRMJyuxPK7/Bqni11vXPnE/yDXO2R9k4ov2KY4BE=
github.com/nunocoracao/blowfish/v2 v2.45.0/go.mod h1:4SkMc+Ht8gpQCwArqiHMBDP3soxi2OWuAhVney+cuyk=
github.com/nunocoracao/blowfish/v2 v2.46.0 h1:C8Tm9wtldJZejCmUN50saFYiqkvAoPWxoPVkOAHn89I=
github.com/nunocoracao/blowfish/v2 v2.46.0/go.mod h1:4SkMc+Ht8gpQCwArqiHMBDP3soxi2OWuAhVney+cuyk=
